
Microsoft Visual Studio Solution File, Format Version 12.00
# Visual Studio Version 17
VisualStudioVersion = 17.4.33213.308
MinimumVisualStudioVersion = 10.0.40219.1
Project("{FAE04EC0-301F-11D3-BF4B-00C04F79EFBC}") = "ApiChat.Service", "ApiChat.Service\ApiChat.Service.csproj", "{E291C0D1-592E-4596-8BCA-1F51F69044E2}"
EndProject
Project("{FAE04EC0-301F-11D3-BF4B-00C04F79EFBC}") = "ApiChat.Business", "ApiChat.Business\ApiChat.Business.csproj", "{F072CB66-E6C6-4276-BD6B-7AD608B44585}"
EndProject
Project("{FAE04EC0-301F-11D3-BF4B-00C04F79EFBC}") = "ApiChat.DataAccess", "ApiChat.DataAccess\ApiChat.DataAccess.csproj", "{56DE9158-AFF5-4DD3-A6BD-747C1BD0332D}"
EndProject
Project("{FAE04EC0-301F-11D3-BF4B-00C04F79EFBC}") = "ApiChat.Domain", "ApiChat.Domain\ApiChat.Domain.csproj", "{1E45ADF3-C60E-4E8F-B6CC-6A5056777C07}"
EndProject
Project("{FAE04EC0-301F-11D3-BF4B-00C04F79EFBC}") = "Session.Service", "Session.Service\Session.Service.csproj", "{C5205D76-6874-414B-8A4D-B62060B67915}"
EndProject
Global
	GlobalSection(SolutionConfigurationPlatforms) = preSolution
		Debug|Any CPU = Debug|Any CPU
		Release|Any CPU = Release|Any CPU
	EndGlobalSection
	GlobalSection(ProjectConfigurationPlatforms) = postSolution
		{E291C0D1-592E-4596-8BCA-1F51F69044E2}.Debug|Any CPU.ActiveCfg = Debug|Any CPU
		{E291C0D1-592E-4596-8BCA-1F51F69044E2}.Debug|Any CPU.Build.0 = Debug|Any CPU
		{E291C0D1-592E-4596-8BCA-1F51F69044E2}.Release|Any CPU.ActiveCfg = Release|Any CPU
		{E291C0D1-592E-4596-8BCA-1F51F69044E2}.Release|Any CPU.Build.0 = Release|Any CPU
		{F072CB66-E6C6-4276-BD6B-7AD608B44585}.Debug|Any CPU.ActiveCfg = Debug|Any CPU
		{F072CB66-E6C6-4276-BD6B-7AD608B44585}.Debug|Any CPU.Build.0 = Debug|Any CPU
		{F072CB66-E6C6-4276-BD6B-7AD608B44585}.Release|Any CPU.ActiveCfg = Release|Any CPU
		{F072CB66-E6C6-4276-BD6B-7AD608B44585}.Release|Any CPU.Build.0 = Release|Any CPU
		{56DE9158-AFF5-4DD3-A6BD-747C1BD0332D}.Debug|Any CPU.ActiveCfg = Debug|Any CPU
		{56DE9158-AFF5-4DD3-A6BD-747C1BD0332D}.Debug|Any CPU.Build.0 = Debug|Any CPU
		{56DE9158-AFF5-4DD3-A6BD-747C1BD0332D}.Release|Any CPU.ActiveCfg = Release|Any CPU
		{56DE9158-AFF5-4DD3-A6BD-747C1BD0332D}.Release|Any CPU.Build.0 = Release|Any CPU
		{1E45ADF3-C60E-4E8F-B6CC-6A5056777C07}.Debug|Any CPU.ActiveCfg = Debug|Any CPU
		{1E45ADF3-C60E-4E8F-B6CC-6A5056777C07}.Debug|Any CPU.Build.0 = Debug|Any CPU
		{1E45ADF3-C60E-4E8F-B6CC-6A5056777C07}.Release|Any CPU.ActiveCfg = Release|Any CPU
		{1E45ADF3-C60E-4E8F-B6CC-6A5056777C07}.Release|Any CPU.Build.0 = Release|Any CPU
		{C5205D76-6874-414B-8A4D-B62060B67915}.Debug|Any CPU.ActiveCfg = Debug|Any CPU
		{C5205D76-6874-414B-8A4D-B62060B67915}.Debug|Any CPU.Build.0 = Debug|Any CPU
		{C5205D76-6874-414B-8A4D-B62060B67915}.Release|Any CPU.ActiveCfg = Release|Any CPU
		{C5205D76-6874-414B-8A4D-B62060B67915}.Release|Any CPU.Build.0 = Release|Any CPU
	EndGlobalSection
	GlobalSection(SolutionProperties) = preSolution
		HideSolutionNode = FALSE
	EndGlobalSection
	GlobalSection(ExtensibilityGlobals) = postSolution
		SolutionGuid = {6A22C0B5-61BB-492F-9121-500C6A11753D}
	EndGlobalSection
EndGlobal
